// !$*UTF8*$!
{
	archiveVersion = 1;
	classes = {
	};
	objectVersion = 46;
	objects = {

/* Begin PBXBuildFile section */
		371DA82C1EE4ED5600C208E4 /* Alamofire.framework in Frameworks */ = {isa = PBXBuildFile; fileRef = 371DA81F1EE4EAA500C208E4 /* Alamofire.framework */; };
		371DA82D1EE4ED5600C208E4 /* Alamofire.framework in Embed Frameworks */ = {isa = PBXBuildFile; fileRef = 371DA81F1EE4EAA500C208E4 /* Alamofire.framework */; settings = {ATTRIBUTES = (CodeSignOnCopy, RemoveHeadersOnCopy, ); }; };
		375BF5011EE90CBB00461073 /* AppUtils.swift in Sources */ = {isa = PBXBuildFile; fileRef = 375BF5001EE90CBB00461073 /* AppUtils.swift */; };
		375BF50A1EE90E5400461073 /* SignUpPathViewController.swift in Sources */ = {isa = PBXBuildFile; fileRef = 375BF5091EE90E5400461073 /* SignUpPathViewController.swift */; };
		375BF50C1EE90E6800461073 /* SignUpViewController.swift in Sources */ = {isa = PBXBuildFile; fileRef = 375BF50B1EE90E6800461073 /* SignUpViewController.swift */; };
		37DB01581EE8E939006FACFD /* RegisterViewController.swift in Sources */ = {isa = PBXBuildFile; fileRef = 37DB01571EE8E939006FACFD /* RegisterViewController.swift */; };
		37F33EAB1ED1115800573E2A /* AppDelegate.swift in Sources */ = {isa = PBXBuildFile; fileRef = 37F33EAA1ED1115800573E2A /* AppDelegate.swift */; };
		37F33EAD1ED1115800573E2A /* ViewController.swift in Sources */ = {isa = PBXBuildFile; fileRef = 37F33EAC1ED1115800573E2A /* ViewController.swift */; };
		37F33EB01ED1115800573E2A /* Main.storyboard in Resources */ = {isa = PBXBuildFile; fileRef = 37F33EAE1ED1115800573E2A /* Main.storyboard */; };
		37F33EB21ED1115800573E2A /* Assets.xcassets in Resources */ = {isa = PBXBuildFile; fileRef = 37F33EB11ED1115800573E2A /* Assets.xcassets */; };
		37F33EB51ED1115800573E2A /* LaunchScreen.storyboard in Resources */ = {isa = PBXBuildFile; fileRef = 37F33EB31ED1115800573E2A /* LaunchScreen.storyboard */; };
		37F33EC01ED1115800573E2A /* Campus_ConnectionTests.swift in Sources */ = {isa = PBXBuildFile; fileRef = 37F33EBF1ED1115800573E2A /* Campus_ConnectionTests.swift */; };
		37F33ECF1ED153E200573E2A /* onboarding_background.png in Resources */ = {isa = PBXBuildFile; fileRef = 37F33ECE1ED153E200573E2A /* onboarding_background.png */; };
/* End PBXBuildFile section */

/* Begin PBXContainerItemProxy section */
		371DA81E1EE4EAA500C208E4 /* PBXContainerItemProxy */ = {
			isa = PBXContainerItemProxy;
			containerPortal = 371DA8131EE4EAA500C208E4 /* Alamofire.xcodeproj */;
			proxyType = 2;
			remoteGlobalIDString = F8111E3319A95C8B0040E7D1;
			remoteInfo = "Alamofire iOS";
		};
		371DA8201EE4EAA500C208E4 /* PBXContainerItemProxy */ = {
			isa = PBXContainerItemProxy;
			containerPortal = 371DA8131EE4EAA500C208E4 /* Alamofire.xcodeproj */;
			proxyType = 2;
			remoteGlobalIDString = F8111E3E19A95C8B0040E7D1;
			remoteInfo = "Alamofire iOS Tests";
		};
		371DA8221EE4EAA500C208E4 /* PBXContainerItemProxy */ = {
			isa = PBXContainerItemProxy;
			containerPortal = 371DA8131EE4EAA500C208E4 /* Alamofire.xcodeproj */;
			proxyType = 2;
			remoteGlobalIDString = 4DD67C0B1A5C55C900ED2280;
			remoteInfo = "Alamofire macOS";
		};
		371DA8241EE4EAA500C208E4 /* PBXContainerItemProxy */ = {
			isa = PBXContainerItemProxy;
			containerPortal = 371DA8131EE4EAA500C208E4 /* Alamofire.xcodeproj */;
			proxyType = 2;
			remoteGlobalIDString = F829C6B21A7A94F100A2CD59;
			remoteInfo = "Alamofire macOS Tests";
		};
		371DA8261EE4EAA500C208E4 /* PBXContainerItemProxy */ = {
			isa = PBXContainerItemProxy;
			containerPortal = 371DA8131EE4EAA500C208E4 /* Alamofire.xcodeproj */;
			proxyType = 2;
			remoteGlobalIDString = 4CF626EF1BA7CB3E0011A099;
			remoteInfo = "Alamofire tvOS";
		};
		371DA8281EE4EAA500C208E4 /* PBXContainerItemProxy */ = {
			isa = PBXContainerItemProxy;
			containerPortal = 371DA8131EE4EAA500C208E4 /* Alamofire.xcodeproj */;
			proxyType = 2;
			remoteGlobalIDString = 4CF626F81BA7CB3E0011A099;
			remoteInfo = "Alamofire tvOS Tests";
		};
		371DA82A1EE4EAA500C208E4 /* PBXContainerItemProxy */ = {
			isa = PBXContainerItemProxy;
			containerPortal = 371DA8131EE4EAA500C208E4 /* Alamofire.xcodeproj */;
			proxyType = 2;
			remoteGlobalIDString = E4202FE01B667AA100C997FB;
			remoteInfo = "Alamofire watchOS";
		};
		371DA82E1EE4ED5600C208E4 /* PBXContainerItemProxy */ = {
			isa = PBXContainerItemProxy;
			containerPortal = 371DA8131EE4EAA500C208E4 /* Alamofire.xcodeproj */;
			proxyType = 1;
			remoteGlobalIDString = F8111E3219A95C8B0040E7D1;
			remoteInfo = "Alamofire iOS";
		};
		37F33EBC1ED1115800573E2A /* PBXContainerItemProxy */ = {
			isa = PBXContainerItemProxy;
			containerPortal = 37F33E9F1ED1115800573E2A /* Project object */;
			proxyType = 1;
			remoteGlobalIDString = 37F33EA61ED1115800573E2A;
			remoteInfo = "Campus Connection";
		};
/* End PBXContainerItemProxy section */

/* Begin PBXCopyFilesBuildPhase section */
		371DA8301EE4ED5600C208E4 /* Embed Frameworks */ = {
			isa = PBXCopyFilesBuildPhase;
			buildActionMask = 2147483647;
			dstPath = "";
			dstSubfolderSpec = 10;
			files = (
				371DA82D1EE4ED5600C208E4 /* Alamofire.framework in Embed Frameworks */,
			);
			name = "Embed Frameworks";
			runOnlyForDeploymentPostprocessing = 0;
		};
/* End PBXCopyFilesBuildPhase section */

/* Begin PBXFileReference section */
		371DA8131EE4EAA500C208E4 /* Alamofire.xcodeproj */ = {isa = PBXFileReference; lastKnownFileType = "wrapper.pb-project"; name = Alamofire.xcodeproj; path = Alamofire/Alamofire.xcodeproj; sourceTree = SOURCE_ROOT; };
		375BF5001EE90CBB00461073 /* AppUtils.swift */ = {isa = PBXFileReference; fileEncoding = 4; lastKnownFileType = sourcecode.swift; path = AppUtils.swift; sourceTree = "<group>"; };
		375BF5091EE90E5400461073 /* SignUpPathViewController.swift */ = {isa = PBXFileReference; fileEncoding = 4; lastKnownFileType = sourcecode.swift; name = SignUpPathViewController.swift; path = ../SignUpPathViewController.swift; sourceTree = "<group>"; };
		375BF50B1EE90E6800461073 /* SignUpViewController.swift */ = {isa = PBXFileReference; fileEncoding = 4; lastKnownFileType = sourcecode.swift; name = SignUpViewController.swift; path = ../SignUpViewController.swift; sourceTree = "<group>"; };
		37DB01571EE8E939006FACFD /* RegisterViewController.swift */ = {isa = PBXFileReference; fileEncoding = 4; lastKnownFileType = sourcecode.swift; name = RegisterViewController.swift; path = ../RegisterViewController.swift; sourceTree = "<group>"; };
		37F33EA71ED1115800573E2A /* Campus Connection.app */ = {isa = PBXFileReference; explicitFileType = wrapper.application; includeInIndex = 0; path = "Campus Connection.app"; sourceTree = BUILT_PRODUCTS_DIR; };
		37F33EAA1ED1115800573E2A /* AppDelegate.swift */ = {isa = PBXFileReference; lastKnownFileType = sourcecode.swift; path = AppDelegate.swift; sourceTree = "<group>"; };
		37F33EAC1ED1115800573E2A /* ViewController.swift */ = {isa = PBXFileReference; lastKnownFileType = sourcecode.swift; path = ViewController.swift; sourceTree = "<group>"; };
		37F33EAF1ED1115800573E2A /* Base */ = {isa = PBXFileReference; lastKnownFileType = file.storyboard; name = Base; path = Base.lproj/Main.storyboard; sourceTree = "<group>"; };
		37F33EB11ED1115800573E2A /* Assets.xcassets */ = {isa = PBXFileReference; lastKnownFileType = folder.assetcatalog; path = Assets.xcassets; sourceTree = "<group>"; };
		37F33EB41ED1115800573E2A /* Base */ = {isa = PBXFileReference; lastKnownFileType = file.storyboard; name = Base; path = Base.lproj/LaunchScreen.storyboard; sourceTree = "<group>"; };
		37F33EB61ED1115800573E2A /* Info.plist */ = {isa = PBXFileReference; lastKnownFileType = text.plist.xml; path = Info.plist; sourceTree = "<group>"; };
		37F33EBB1ED1115800573E2A /* Campus ConnectionTests.xctest */ = {isa = PBXFileReference; explicitFileType = wrapper.cfbundle; includeInIndex = 0; path = "Campus ConnectionTests.xctest"; sourceTree = BUILT_PRODUCTS_DIR; };
		37F33EBF1ED1115800573E2A /* Campus_ConnectionTests.swift */ = {isa = PBXFileReference; lastKnownFileType = sourcecode.swift; path = Campus_ConnectionTests.swift; sourceTree = "<group>"; };
		37F33EC11ED1115800573E2A /* Info.plist */ = {isa = PBXFileReference; lastKnownFileType = text.plist.xml; path = Info.plist; sourceTree = "<group>"; };
		37F33ECE1ED153E200573E2A /* onboarding_background.png */ = {isa = PBXFileReference; lastKnownFileType = image.png; name = onboarding_background.png; path = ../../Downloads/onboarding_background.png; sourceTree = "<group>"; };
/* End PBXFileReference section */

/* Begin PBXFrameworksBuildPhase section */
		37F33EA41ED1115800573E2A /* Frameworks */ = {
			isa = PBXFrameworksBuildPhase;
			buildActionMask = 2147483647;
			files = (
				371DA82C1EE4ED5600C208E4 /* Alamofire.framework in Frameworks */,
			);
			runOnlyForDeploymentPostprocessing = 0;
		};
		37F33EB81ED1115800573E2A /* Frameworks */ = {
			isa = PBXFrameworksBuildPhase;
			buildActionMask = 2147483647;
			files = (
			);
			runOnlyForDeploymentPostprocessing = 0;
		};
/* End PBXFrameworksBuildPhase section */

/* Begin PBXGroup section */
		371DA8141EE4EAA500C208E4 /* Products */ = {
			isa = PBXGroup;
			children = (
				371DA81F1EE4EAA500C208E4 /* Alamofire.framework */,
				371DA8211EE4EAA500C208E4 /* Alamofire iOS Tests.xctest */,
				371DA8231EE4EAA500C208E4 /* Alamofire.framework */,
				371DA8251EE4EAA500C208E4 /* Alamofire macOS Tests.xctest */,
				371DA8271EE4EAA500C208E4 /* Alamofire.framework */,
				371DA8291EE4EAA500C208E4 /* Alamofire tvOS Tests.xctest */,
				371DA82B1EE4EAA500C208E4 /* Alamofire.framework */,
			);
			name = Products;
			sourceTree = "<group>";
		};
		37F33E9E1ED1115800573E2A = {
			isa = PBXGroup;
			children = (
				371DA8131EE4EAA500C208E4 /* Alamofire.xcodeproj */,
				37F33EA91ED1115800573E2A /* Campus Connection */,
				37F33EBE1ED1115800573E2A /* Campus ConnectionTests */,
				37F33EA81ED1115800573E2A /* Products */,
			);
			sourceTree = "<group>";
		};
		37F33EA81ED1115800573E2A /* Products */ = {
			isa = PBXGroup;
			children = (
				37F33EA71ED1115800573E2A /* Campus Connection.app */,
				37F33EBB1ED1115800573E2A /* Campus ConnectionTests.xctest */,
			);
			name = Products;
			sourceTree = "<group>";
		};
		37F33EA91ED1115800573E2A /* Campus Connection */ = {
			isa = PBXGroup;
			children = (
				37F33ECD1ED153BC00573E2A /* assets */,
				37F33ECC1ED113B100573E2A /* util */,
				37F33ECB1ED113AA00573E2A /* model */,
				37F33ECA1ED1139400573E2A /* rest */,
				37F33EAA1ED1115800573E2A /* AppDelegate.swift */,
				37F33EAC1ED1115800573E2A /* ViewController.swift */,
				37DB01571EE8E939006FACFD /* RegisterViewController.swift */,
				375BF5091EE90E5400461073 /* SignUpPathViewController.swift */,
				375BF50B1EE90E6800461073 /* SignUpViewController.swift */,
				37F33EAE1ED1115800573E2A /* Main.storyboard */,
				37F33EB11ED1115800573E2A /* Assets.xcassets */,
				37F33EB31ED1115800573E2A /* LaunchScreen.storyboard */,
				37F33EB61ED1115800573E2A /* Info.plist */,
			);
			path = "Campus Connection";
			sourceTree = "<group>";
		};
		37F33EBE1ED1115800573E2A /* Campus ConnectionTests */ = {
			isa = PBXGroup;
			children = (
				37F33EBF1ED1115800573E2A /* Campus_ConnectionTests.swift */,
				37F33EC11ED1115800573E2A /* Info.plist */,
			);
			path = "Campus ConnectionTests";
			sourceTree = "<group>";
		};
		37F33ECA1ED1139400573E2A /* rest */ = {
			isa = PBXGroup;
			children = (
			);
			name = rest;
			sourceTree = "<group>";
		};
		37F33ECB1ED113AA00573E2A /* model */ = {
			isa = PBXGroup;
			children = (
			);
			name = model;
			sourceTree = "<group>";
		};
		37F33ECC1ED113B100573E2A /* util */ = {
			isa = PBXGroup;
			children = (
				375BF5001EE90CBB00461073 /* AppUtils.swift */,
			);
			name = util;
			sourceTree = "<group>";
		};
		37F33ECD1ED153BC00573E2A /* assets */ = {
			isa = PBXGroup;
			children = (
				37F33ECE1ED153E200573E2A /* onboarding_background.png */,
			);
			name = assets;
			sourceTree = "<group>";
		};
/* End PBXGroup section */

/* Begin PBXNativeTarget section */
		37F33EA61ED1115800573E2A /* Campus Connection */ = {
			isa = PBXNativeTarget;
			buildConfigurationList = 37F33EC41ED1115800573E2A /* Build configuration list for PBXNativeTarget "Campus Connection" */;
			buildPhases = (
				37F33EA31ED1115800573E2A /* Sources */,
				37F33EA41ED1115800573E2A /* Frameworks */,
				37F33EA51ED1115800573E2A /* Resources */,
				371DA8301EE4ED5600C208E4 /* Embed Frameworks */,
			);
			buildRules = (
			);
			dependencies = (
				371DA82F1EE4ED5600C208E4 /* PBXTargetDependency */,
			);
			name = "Campus Connection";
			productName = "Campus Connection";
			productReference = 37F33EA71ED1115800573E2A /* Campus Connection.app */;
			productType = "com.apple.product-type.application";
		};
		37F33EBA1ED1115800573E2A /* Campus ConnectionTests */ = {
			isa = PBXNativeTarget;
			buildConfigurationList = 37F33EC71ED1115800573E2A /* Build configuration list for PBXNativeTarget "Campus ConnectionTests" */;
			buildPhases = (
				37F33EB71ED1115800573E2A /* Sources */,
				37F33EB81ED1115800573E2A /* Frameworks */,
				37F33EB91ED1115800573E2A /* Resources */,
			);
			buildRules = (
			);
			dependencies = (
				37F33EBD1ED1115800573E2A /* PBXTargetDependency */,
			);
			name = "Campus ConnectionTests";
			productName = "Campus ConnectionTests";
			productReference = 37F33EBB1ED1115800573E2A /* Campus ConnectionTests.xctest */;
			productType = "com.apple.product-type.bundle.unit-test";
		};
/* End PBXNativeTarget section */

/* Begin PBXProject section */
		37F33E9F1ED1115800573E2A /* Project object */ = {
			isa = PBXProject;
			attributes = {
				LastSwiftUpdateCheck = 0820;
				LastUpgradeCheck = 0820;
				TargetAttributes = {
					37F33EA61ED1115800573E2A = {
						CreatedOnToolsVersion = 8.2;
						ProvisioningStyle = Automatic;
					};
					37F33EBA1ED1115800573E2A = {
						CreatedOnToolsVersion = 8.2;
						ProvisioningStyle = Automatic;
						TestTargetID = 37F33EA61ED1115800573E2A;
					};
				};
			};
			buildConfigurationList = 37F33EA21ED1115800573E2A /* Build configuration list for PBXProject "Campus Connection" */;
			compatibilityVersion = "Xcode 3.2";
			developmentRegion = English;
			hasScannedForEncodings = 0;
			knownRegions = (
				en,
				Base,
			);
			mainGroup = 37F33E9E1ED1115800573E2A;
			productRefGroup = 37F33EA81ED1115800573E2A /* Products */;
			projectDirPath = "";
			projectReferences = (
				{
					ProductGroup = 371DA8141EE4EAA500C208E4 /* Products */;
					ProjectRef = 371DA8131EE4EAA500C208E4 /* Alamofire.xcodeproj */;
				},
			);
			projectRoot = "";
			targets = (
				37F33EA61ED1115800573E2A /* Campus Connection */,
				37F33EBA1ED1115800573E2A /* Campus ConnectionTests */,
			);
		};
/* End PBXProject section */

/* Begin PBXReferenceProxy section */
		371DA81F1EE4EAA500C208E4 /* Alamofire.framework */ = {
			isa = PBXReferenceProxy;
			fileType = wrapper.framework;
			path = Alamofire.framework;
			remoteRef = 371DA81E1EE4EAA500C208E4 /* PBXContainerItemProxy */;
			sourceTree = BUILT_PRODUCTS_DIR;
		};
		371DA8211EE4EAA500C208E4 /* Alamofire iOS Tests.xctest */ = {
			isa = PBXReferenceProxy;
			fileType = wrapper.cfbundle;
			path = "Alamofire iOS Tests.xctest";
			remoteRef = 371DA8201EE4EAA500C208E4 /* PBXContainerItemProxy */;
			sourceTree = BUILT_PRODUCTS_DIR;
		};
		371DA8231EE4EAA500C208E4 /* Alamofire.framework */ = {
			isa = PBXReferenceProxy;
			fileType = wrapper.framework;
			path = Alamofire.framework;
			remoteRef = 371DA8221EE4EAA500C208E4 /* PBXContainerItemProxy */;
			sourceTree = BUILT_PRODUCTS_DIR;
		};
		371DA8251EE4EAA500C208E4 /* Alamofire macOS Tests.xctest */ = {
			isa = PBXReferenceProxy;
			fileType = wrapper.cfbundle;
			path = "Alamofire macOS Tests.xctest";
			remoteRef = 371DA8241EE4EAA500C208E4 /* PBXContainerItemProxy */;
			sourceTree = BUILT_PRODUCTS_DIR;
		};
		371DA8271EE4EAA500C208E4 /* Alamofire.framework */ = {
			isa = PBXReferenceProxy;
			fileType = wrapper.framework;
			path = Alamofire.framework;
			remoteRef = 371DA8261EE4EAA500C208E4 /* PBXContainerItemProxy */;
			sourceTree = BUILT_PRODUCTS_DIR;
		};
		371DA8291EE4EAA500C208E4 /* Alamofire tvOS Tests.xctest */ = {
			isa = PBXReferenceProxy;
			fileType = wrapper.cfbundle;
			path = "Alamofire tvOS Tests.xctest";
			remoteRef = 371DA8281EE4EAA500C208E4 /* PBXContainerItemProxy */;
			sourceTree = BUILT_PRODUCTS_DIR;
		};
		371DA82B1EE4EAA500C208E4 /* Alamofire.framework */ = {
			isa = PBXReferenceProxy;
			fileType = wrapper.framework;
			path = Alamofire.framework;
			remoteRef = 371DA82A1EE4EAA500C208E4 /* PBXContainerItemProxy */;
			sourceTree = BUILT_PRODUCTS_DIR;
		};
/* End PBXReferenceProxy section */

/* Begin PBXResourcesBuildPhase section */
		37F33EA51ED1115800573E2A /* Resources */ = {
			isa = PBXResourcesBuildPhase;
			buildActionMask = 2147483647;
			files = (
				37F33EB51ED1115800573E2A /* LaunchScreen.storyboard in Resources */,
				37F33EB21ED1115800573E2A /* Assets.xcassets in Resources */,
				37F33ECF1ED153E200573E2A /* onboarding_background.png in Resources */,
				37F33EB01ED1115800573E2A /* Main.storyboard in Resources */,
			);
			runOnlyForDeploymentPostprocessing = 0;
		};
		37F33EB91ED1115800573E2A /* Resources */ = {
			isa = PBXResourcesBuildPhase;
			buildActionMask = 2147483647;
			files = (
			);
			runOnlyForDeploymentPostprocessing = 0;
		};
/* End PBXResourcesBuildPhase section */

/* Begin PBXSourcesBuildPhase section */
		37F33EA31ED1115800573E2A /* Sources */ = {
			isa = PBXSourcesBuildPhase;
			buildActionMask = 2147483647;
			files = (
				375BF50C1EE90E6800461073 /* SignUpViewController.swift in Sources */,
				37DB01581EE8E939006FACFD /* RegisterViewController.swift in Sources */,
				375BF50A1EE90E5400461073 /* SignUpPathViewController.swift in Sources */,
				37F33EAD1ED1115800573E2A /* ViewController.swift in Sources */,
				37F33EAB1ED1115800573E2A /* AppDelegate.swift in Sources */,
				375BF5011EE90CBB00461073 /* AppUtils.swift in Sources */,
			);
			runOnlyForDeploymentPostprocessing = 0;
		};
		37F33EB71ED1115800573E2A /* Sources */ = {
			isa = PBXSourcesBuildPhase;
			buildActionMask = 2147483647;
			files = (
				37F33EC01ED1115800573E2A /* Campus_ConnectionTests.swift in Sources */,
			);
			runOnlyForDeploymentPostprocessing = 0;
		};
/* End PBXSourcesBuildPhase section */

/* Begin PBXTargetDependency section */
		371DA82F1EE4ED5600C208E4 /* PBXTargetDependency */ = {
			isa = PBXTargetDependency;
			name = "Alamofire iOS";
			targetProxy = 371DA82E1EE4ED5600C208E4 /* PBXContainerItemProxy */;
		};
		37F33EBD1ED1115800573E2A /* PBXTargetDependency */ = {
			isa = PBXTargetDependency;
			target = 37F33EA61ED1115800573E2A /* Campus Connection */;
			targetProxy = 37F33EBC1ED1115800573E2A /* PBXContainerItemProxy */;
		};
/* End PBXTargetDependency section */

/* Begin PBXVariantGroup section */
		37F33EAE1ED1115800573E2A /* Main.storyboard */ = {
			isa = PBXVariantGroup;
			children = (
				37F33EAF1ED1115800573E2A /* Base */,
			);
			name = Main.storyboard;
			sourceTree = "<group>";
		};
		37F33EB31ED1115800573E2A /* LaunchScreen.storyboard */ = {
			isa = PBXVariantGroup;
			children = (
				37F33EB41ED1115800573E2A /* Base */,
			);
			name = LaunchScreen.storyboard;
			sourceTree = "<group>";
		};
/* End PBXVariantGroup section */

/* Begin XCBuildConfiguration section */
		37F33EC21ED1115800573E2A /* Debug */ = {
			isa = XCBuildConfiguration;
			buildSettings = {
				ALWAYS_SEARCH_USER_PATHS = NO;
				CLANG_ANALYZER_NONNULL = YES;
				CLANG_CXX_LANGUAGE_STANDARD = "gnu++0x";
				CLANG_CXX_LIBRARY = "libc++";
				CLANG_ENABLE_MODULES = YES;
				CLANG_ENABLE_OBJC_ARC = YES;
				CLANG_WARN_BOOL_CONVERSION = YES;
				CLANG_WARN_CONSTANT_CONVERSION = YES;
				CLANG_WARN_DIRECT_OBJC_ISA_USAGE = YES_ERROR;
				CLANG_WARN_DOCUMENTATION_COMMENTS = YES;
				CLANG_WARN_EMPTY_BODY = YES;
				CLANG_WARN_ENUM_CONVERSION = YES;
				CLANG_WARN_INFINITE_RECURSION = YES;
				CLANG_WARN_INT_CONVERSION = YES;
				CLANG_WARN_OBJC_ROOT_CLASS = YES_ERROR;
				CLANG_WARN_SUSPICIOUS_MOVE = YES;
				CLANG_WARN_UNREACHABLE_CODE = YES;
				CLANG_WARN__DUPLICATE_METHOD_MATCH = YES;
				"CODE_SIGN_IDENTITY[sdk=iphoneos*]" = "iPhone Developer";
				COPY_PHASE_STRIP = NO;
				DEBUG_INFORMATION_FORMAT = dwarf;
				ENABLE_STRICT_OBJC_MSGSEND = YES;
				ENABLE_TESTABILITY = YES;
				GCC_C_LANGUAGE_STANDARD = gnu99;
				GCC_DYNAMIC_NO_PIC = NO;
				GCC_NO_COMMON_BLOCKS = YES;
				GCC_OPTIMIZATION_LEVEL = 0;
				GCC_PREPROCESSOR_DEFINITIONS = (
					"DEBUG=1",
					"$(inherited)",
				);
				GCC_WARN_64_TO_32_BIT_CONVERSION = YES;
				GCC_WARN_ABOUT_RETURN_TYPE = YES_ERROR;
				GCC_WARN_UNDECLARED_SELECTOR = YES;
				GCC_WARN_UNINITIALIZED_AUTOS = YES_AGGRESSIVE;
				GCC_WARN_UNUSED_FUNCTION = YES;
				GCC_WARN_UNUSED_VARIABLE = YES;
				IPHONEOS_DEPLOYMENT_TARGET = 10.2;
				MTL_ENABLE_DEBUG_INFO = YES;
				ONLY_ACTIVE_ARCH = YES;
				SDKROOT = iphoneos;
				SWIFT_ACTIVE_COMPILATION_CONDITIONS = DEBUG;
				SWIFT_OPTIMIZATION_LEVEL = "-Onone";
				TARGETED_DEVICE_FAMILY = "1,2";
			};
			name = Debug;
		};
		37F33EC31ED1115800573E2A /* Release */ = {
			isa = XCBuildConfiguration;
			buildSettings = {
				ALWAYS_SEARCH_USER_PATHS = NO;
				CLANG_ANALYZER_NONNULL = YES;
				CLANG_CXX_LANGUAGE_STANDARD = "gnu++0x";
				CLANG_CXX_LIBRARY = "libc++";
				CLANG_ENABLE_MODULES = YES;
				CLANG_ENABLE_OBJC_ARC = YES;
				CLANG_WARN_BOOL_CONVERSION = YES;
				CLANG_WARN_CONSTANT_CONVERSION = YES;
				CLANG_WARN_DIRECT_OBJC_ISA_USAGE = YES_ERROR;
				CLANG_WARN_DOCUMENTATION_COMMENTS = YES;
				CLANG_WARN_EMPTY_BODY = YES;
				CLANG_WARN_ENUM_CONVERSION = YES;
				CLANG_WARN_INFINITE_RECURSION = YES;
				CLANG_WARN_INT_CONVERSION = YES;
				CLANG_WARN_OBJC_ROOT_CLASS = YES_ERROR;
				CLANG_WARN_SUSPICIOUS_MOVE = YES;
				CLANG_WARN_UNREACHABLE_CODE = YES;
				CLANG_WARN__DUPLICATE_METHOD_MATCH = YES;
				"CODE_SIGN_IDENTITY[sdk=iphoneos*]" = "iPhone Developer";
				COPY_PHASE_STRIP = NO;
				DEBUG_INFORMATION_FORMAT = "dwarf-with-dsym";
				ENABLE_NS_ASSERTIONS = NO;
				ENABLE_STRICT_OBJC_MSGSEND = YES;
				GCC_C_LANGUAGE_STANDARD = gnu99;
				GCC_NO_COMMON_BLOCKS = YES;
				GCC_WARN_64_TO_32_BIT_CONVERSION = YES;
				GCC_WARN_ABOUT_RETURN_TYPE = YES_ERROR;
				GCC_WARN_UNDECLARED_SELECTOR = YES;
				GCC_WARN_UNINITIALIZED_AUTOS = YES_AGGRESSIVE;
				GCC_WARN_UNUSED_FUNCTION = YES;
				GCC_WARN_UNUSED_VARIABLE = YES;
				IPHONEOS_DEPLOYMENT_TARGET = 10.2;
				MTL_ENABLE_DEBUG_INFO = NO;
				SDKROOT = iphoneos;
				SWIFT_OPTIMIZATION_LEVEL = "-Owholemodule";
				TARGETED_DEVICE_FAMILY = "1,2";
				VALIDATE_PRODUCT = YES;
			};
			name = Release;
		};
		37F33EC51ED1115800573E2A /* Debug */ = {
			isa = XCBuildConfiguration;
			buildSettings = {
				ALWAYS_EMBED_SWIFT_STANDARD_LIBRARIES = YES;
				ASSETCATALOG_COMPILER_APPICON_NAME = AppIcon;
				INFOPLIST_FILE = "Campus Connection/Info.plist";
				LD_RUNPATH_SEARCH_PATHS = "$(inherited) @executable_path/Frameworks";
				PRODUCT_BUNDLE_IDENTIFIER = "com.campusconnection.Campus-Connection";
				PRODUCT_NAME = "$(TARGET_NAME)";
				SWIFT_VERSION = 3.0;
			};
			name = Debug;
		};
		37F33EC61ED1115800573E2A /* Release */ = {
			isa = XCBuildConfiguration;
			buildSettings = {
				ALWAYS_EMBED_SWIFT_STANDARD_LIBRARIES = YES;
				ASSETCATALOG_COMPILER_APPICON_NAME = AppIcon;
				INFOPLIST_FILE = "Campus Connection/Info.plist";
				LD_RUNPATH_SEARCH_PATHS = "$(inherited) @executable_path/Frameworks";
				PRODUCT_BUNDLE_IDENTIFIER = "com.campusconnection.Campus-Connection";
				PRODUCT_NAME = "$(TARGET_NAME)";
				SWIFT_VERSION = 3.0;
			};
			name = Release;
		};
		37F33EC81ED1115800573E2A /* Debug */ = {
			isa = XCBuildConfiguration;
			buildSettings = {
				ALWAYS_EMBED_SWIFT_STANDARD_LIBRARIES = YES;
				BUNDLE_LOADER = "$(TEST_HOST)";
				INFOPLIST_FILE = "Campus ConnectionTests/Info.plist";
				LD_RUNPATH_SEARCH_PATHS = "$(inherited) @executable_path/Frameworks @loader_path/Frameworks";
				PRODUCT_BUNDLE_IDENTIFIER = "com.campusconnection.Campus-ConnectionTests";
				PRODUCT_NAME = "$(TARGET_NAME)";
				SWIFT_VERSION = 3.0;
				TEST_HOST = "$(BUILT_PRODUCTS_DIR)/Campus Connection.app/Campus Connection";
			};
			name = Debug;
		};
		37F33EC91ED1115800573E2A /* Release */ = {
			isa = XCBuildConfiguration;
			buildSettings = {
				ALWAYS_EMBED_SWIFT_STANDARD_LIBRARIES = YES;
				BUNDLE_LOADER = "$(TEST_HOST)";
				INFOPLIST_FILE = "Campus ConnectionTests/Info.plist";
				LD_RUNPATH_SEARCH_PATHS = "$(inherited) @executable_path/Frameworks @loader_path/Frameworks";
				PRODUCT_BUNDLE_IDENTIFIER = "com.campusconnection.Campus-ConnectionTests";
				PRODUCT_NAME = "$(TARGET_NAME)";
				SWIFT_VERSION = 3.0;
				TEST_HOST = "$(BUILT_PRODUCTS_DIR)/Campus Connection.app/Campus Connection";
			};
			name = Release;
		};
/* End XCBuildConfiguration section */

/* Begin XCConfigurationList section */
		37F33EA21ED1115800573E2A /* Build configuration list for PBXProject "Campus Connection" */ = {
			isa = XCConfigurationList;
			buildConfigurations = (
				37F33EC21ED1115800573E2A /* Debug */,
				37F33EC31ED1115800573E2A /* Release */,
			);
			defaultConfigurationIsVisible = 0;
			defaultConfigurationName = Release;
		};
		37F33EC41ED1115800573E2A /* Build configuration list for PBXNativeTarget "Campus Connection" */ = {
			isa = XCConfigurationList;
			buildConfigurations = (
				37F33EC51ED1115800573E2A /* Debug */,
				37F33EC61ED1115800573E2A /* Release */,
			);
			defaultConfigurationIsVisible = 0;
			defaultConfigurationName = Release;
		};
		37F33EC71ED1115800573E2A /* Build configuration list for PBXNativeTarget "Campus ConnectionTests" */ = {
			isa = XCConfigurationList;
			buildConfigurations = (
				37F33EC81ED1115800573E2A /* Debug */,
				37F33EC91ED1115800573E2A /* Release */,
			);
			defaultConfigurationIsVisible = 0;
			defaultConfigurationName = Release;
		};
/* End XCConfigurationList section */
	};
	rootObject = 37F33E9F1ED1115800573E2A /* Project object */;
}
